
Microsoft Visual Studio Solution File, Format Version 12.00
Project("{FAE04EC0-301F-11D3-BF4B-00C04F79EFBC}") = "114514", "114514\114514.csproj", "{B24176B2-F988-4F38-83B2-5C4E6D047F9F}"
EndProject
Global
	GlobalSection(SolutionConfigurationPlatforms) = preSolution
		Debug|Any CPU = Debug|Any CPU
		Release|Any CPU = Release|Any CPU
	EndGlobalSection
	GlobalSection(ProjectConfigurationPlatforms) = postSolution
		{B24176B2-F988-4F38-83B2-5C4E6D047F9F}.Debug|Any CPU.ActiveCfg = Debug|Any CPU
		{B24176B2-F988-4F38-83B2-5C4E6D047F9F}.Debug|Any CPU.Build.0 = Debug|Any CPU
		{B24176B2-F988-4F38-83B2-5C4E6D047F9F}.Release|Any CPU.ActiveCfg = Release|Any CPU
		{B24176B2-F988-4F38-83B2-5C4E6D047F9F}.Release|Any CPU.Build.0 = Release|Any CPU
	EndGlobalSection
EndGlobal
